
Microsoft Visual Studio Solution File, Format Version 12.00
# Visual Studio 15
VisualStudioVersion = 15.0.27703.2042
MinimumVisualStudioVersion = 10.0.40219.1
Project("{FAE04EC0-301F-11D3-BF4B-00C04F79EFBC}") = "FuturionNewsfeed", "FuturionNewsfeed\FuturionNewsfeed.csproj", "{75CA68D2-E359-498A-B8F1-CD1121572F1A}"
EndProject
Global
	GlobalSection(SolutionConfigurationPlatforms) = preSolution
		Debug|Any CPU = Debug|Any CPU
		Release|Any CPU = Release|Any CPU
	EndGlobalSection
	GlobalSection(ProjectConfigurationPlatforms) = postSolution
		{75CA68D2-E359-498A-B8F1-CD1121572F1A}.Debug|Any CPU.ActiveCfg = Debug|Any CPU
		{75CA68D2-E359-498A-B8F1-CD1121572F1A}.Debug|Any CPU.Build.0 = Debug|Any CPU
		{75CA68D2-E359-498A-B8F1-CD1121572F1A}.Release|Any CPU.ActiveCfg = Release|Any CPU
		{75CA68D2-E359-498A-B8F1-CD1121572F1A}.Release|Any CPU.Build.0 = Release|Any CPU
	EndGlobalSection
	GlobalSection(SolutionProperties) = preSolution
		HideSolutionNode = FALSE
	EndGlobalSection
	GlobalSection(ExtensibilityGlobals) = postSolution
		SolutionGuid = {2D21E6C1-9860-44B6-8D4B-2D6CE82722C3}
	EndGlobalSection
EndGlobal
